
Microsoft Visual Studio Solution File, Format Version 12.00
# Visual Studio Version 17
VisualStudioVersion = 17.9.34622.214
MinimumVisualStudioVersion = 10.0.40219.1
Project("{FAE04EC0-301F-11D3-BF4B-00C04F79EFBC}") = "GfuQotd.Web.Blazor", "GfuQotd.Web.Blazor\GfuQotd.Web.Blazor\GfuQotd.Web.Blazor.csproj", "{F3B404FC-F82E-425B-B97F-B037A084E80A}"
EndProject
Project("{FAE04EC0-301F-11D3-BF4B-00C04F79EFBC}") = "GfuQotd.Web.Blazor.Client", "GfuQotd.Web.Blazor\GfuQotd.Web.Blazor.Client\GfuQotd.Web.Blazor.Client.csproj", "{D6C0CC5B-F922-410D-9DAB-31045CEE7FCF}"
EndProject
Project("{FAE04EC0-301F-11D3-BF4B-00C04F79EFBC}") = "GfuQotd.Service", "GfuQotd.Service\GfuQotd.Service.csproj", "{5B878F42-5693-4E33-9DA0-C4EF107912E8}"
EndProject
Project("{FAE04EC0-301F-11D3-BF4B-00C04F79EFBC}") = "GfuQotd.Shared", "GfuQotd.Shared\GfuQotd.Shared.csproj", "{EE9F1245-C5CF-46CF-BBE4-654C47B21647}"
EndProject
Project("{FAE04EC0-301F-11D3-BF4B-00C04F79EFBC}") = "GfuQotd.ComponentsLibrary", "GfuQotd.ComponentsLibrary\GfuQotd.ComponentsLibrary.csproj", "{298003BA-1C1D-410A-A7DF-1F2FAA9AF712}"
EndProject
Global
	GlobalSection(SolutionConfigurationPlatforms) = preSolution
		Debug|Any CPU = Debug|Any CPU
		Release|Any CPU = Release|Any CPU
	EndGlobalSection
	GlobalSection(ProjectConfigurationPlatforms) = postSolution
		{F3B404FC-F82E-425B-B97F-B037A084E80A}.Debug|Any CPU.ActiveCfg = Debug|Any CPU
		{F3B404FC-F82E-425B-B97F-B037A084E80A}.Debug|Any CPU.Build.0 = Debug|Any CPU
		{F3B404FC-F82E-425B-B97F-B037A084E80A}.Release|Any CPU.ActiveCfg = Release|Any CPU
		{F3B404FC-F82E-425B-B97F-B037A084E80A}.Release|Any CPU.Build.0 = Release|Any CPU
		{D6C0CC5B-F922-410D-9DAB-31045CEE7FCF}.Debug|Any CPU.ActiveCfg = Debug|Any CPU
		{D6C0CC5B-F922-410D-9DAB-31045CEE7FCF}.Debug|Any CPU.Build.0 = Debug|Any CPU
		{D6C0CC5B-F922-410D-9DAB-31045CEE7FCF}.Release|Any CPU.ActiveCfg = Release|Any CPU
		{D6C0CC5B-F922-410D-9DAB-31045CEE7FCF}.Release|Any CPU.Build.0 = Release|Any CPU
		{5B878F42-5693-4E33-9DA0-C4EF107912E8}.Debug|Any CPU.ActiveCfg = Debug|Any CPU
		{5B878F42-5693-4E33-9DA0-C4EF107912E8}.Debug|Any CPU.Build.0 = Debug|Any CPU
		{5B878F42-5693-4E33-9DA0-C4EF107912E8}.Release|Any CPU.ActiveCfg = Release|Any CPU
		{5B878F42-5693-4E33-9DA0-C4EF107912E8}.Release|Any CPU.Build.0 = Release|Any CPU
		{EE9F1245-C5CF-46CF-BBE4-654C47B21647}.Debug|Any CPU.ActiveCfg = Debug|Any CPU
		{EE9F1245-C5CF-46CF-BBE4-654C47B21647}.Debug|Any CPU.Build.0 = Debug|Any CPU
		{EE9F1245-C5CF-46CF-BBE4-654C47B21647}.Release|Any CPU.ActiveCfg = Release|Any CPU
		{EE9F1245-C5CF-46CF-BBE4-654C47B21647}.Release|Any CPU.Build.0 = Release|Any CPU
		{298003BA-1C1D-410A-A7DF-1F2FAA9AF712}.Debug|Any CPU.ActiveCfg = Debug|Any CPU
		{298003BA-1C1D-410A-A7DF-1F2FAA9AF712}.Debug|Any CPU.Build.0 = Debug|Any CPU
		{298003BA-1C1D-410A-A7DF-1F2FAA9AF712}.Release|Any CPU.ActiveCfg = Release|Any CPU
		{298003BA-1C1D-410A-A7DF-1F2FAA9AF712}.Release|Any CPU.Build.0 = Release|Any CPU
	EndGlobalSection
	GlobalSection(SolutionProperties) = preSolution
		HideSolutionNode = FALSE
	EndGlobalSection
	GlobalSection(ExtensibilityGlobals) = postSolution
		SolutionGuid = {CD3D20CA-CADA-4A5F-A5F9-96A255FBE722}
	EndGlobalSection
EndGlobal
